
Microsoft Visual Studio Solution File, Format Version 12.00
# Visual Studio Version 17
VisualStudioVersion = 17.1.32210.238
MinimumVisualStudioVersion = 10.0.40219.1
Project("{9A19103F-16F7-4668-BE54-9A1E7A4F7556}") = "TodoManager.Api", "TodoManager.Api\TodoManager.Api.csproj", "{8C038861-ACD5-4013-A9AF-18D3383DB40B}"
EndProject
Project("{2150E333-8FDC-42A3-9474-1A3956D46DE8}") = "Libraries", "Libraries", "{09BA0654-B4C2-4C12-9757-C6B5455B3D12}"
EndProject
Project("{9A19103F-16F7-4668-BE54-9A1E7A4F7556}") = "TodoManager.Membership", "Libraries\TodoManager.Membership\TodoManager.Membership.csproj", "{93D9A138-EA2D-4EF1-999A-4E98F01EA35C}"
EndProject
Project("{9A19103F-16F7-4668-BE54-9A1E7A4F7556}") = "TodoManager.Core", "Libraries\TodoManager.Core\TodoManager.Core.csproj", "{4AB3DDE2-C5F6-4D35-ABDE-C227D2E6074D}"
EndProject
Project("{9A19103F-16F7-4668-BE54-9A1E7A4F7556}") = "TodoManager.Data", "Libraries\TodoManager.Data\TodoManager.Data.csproj", "{1DB745D8-C556-4C26-8FD1-9203278078A0}"
EndProject
Project("{9A19103F-16F7-4668-BE54-9A1E7A4F7556}") = "TodoManager.Shared", "Libraries\TodoManager.Shared\TodoManager.Shared.csproj", "{B9687540-7346-4E2B-A85F-6EDC2FD92E94}"
EndProject
Project("{9A19103F-16F7-4668-BE54-9A1E7A4F7556}") = "LoggerService", "Libraries\LoggerService\LoggerService.csproj", "{E35DD56E-9C71-4FE3-AF81-305F215AADC8}"
EndProject
Project("{9A19103F-16F7-4668-BE54-9A1E7A4F7556}") = "TodoManager.BackgroundWorker", "Libraries\TodoManager.BackgroundWorker\TodoManager.BackgroundWorker.csproj", "{B6AFAF59-F074-480F-B07C-C5DE8F492D60}"
EndProject
Project("{9A19103F-16F7-4668-BE54-9A1E7A4F7556}") = "TodoManager.NotificationChannel", "Libraries\TodoManager.NotificationChannel\TodoManager.NotificationChannel.csproj", "{6B4D5889-E5E0-44BC-9B46-D1FF5DCDF437}"
EndProject
Project("{2150E333-8FDC-42A3-9474-1A3956D46DE8}") = "Tests", "Tests", "{371581BC-3E98-436A-B971-68BDED4E80B1}"
EndProject
Project("{FAE04EC0-301F-11D3-BF4B-00C04F79EFBC}") = "TodoManager.Api.Tests", "Tests\TodoManager.Api.Tests\TodoManager.Api.Tests.csproj", "{3A56DA21-BF40-4C49-BA28-9A8E62C98B39}"
EndProject
Global
	GlobalSection(SolutionConfigurationPlatforms) = preSolution
		Debug|Any CPU = Debug|Any CPU
		Release|Any CPU = Release|Any CPU
	EndGlobalSection
	GlobalSection(ProjectConfigurationPlatforms) = postSolution
		{8C038861-ACD5-4013-A9AF-18D3383DB40B}.Debug|Any CPU.ActiveCfg = Debug|Any CPU
		{8C038861-ACD5-4013-A9AF-18D3383DB40B}.Debug|Any CPU.Build.0 = Debug|Any CPU
		{8C038861-ACD5-4013-A9AF-18D3383DB40B}.Release|Any CPU.ActiveCfg = Release|Any CPU
		{8C038861-ACD5-4013-A9AF-18D3383DB40B}.Release|Any CPU.Build.0 = Release|Any CPU
		{93D9A138-EA2D-4EF1-999A-4E98F01EA35C}.Debug|Any CPU.ActiveCfg = Debug|Any CPU
		{93D9A138-EA2D-4EF1-999A-4E98F01EA35C}.Debug|Any CPU.Build.0 = Debug|Any CPU
		{93D9A138-EA2D-4EF1-999A-4E98F01EA35C}.Release|Any CPU.ActiveCfg = Release|Any CPU
		{93D9A138-EA2D-4EF1-999A-4E98F01EA35C}.Release|Any CPU.Build.0 = Release|Any CPU
		{4AB3DDE2-C5F6-4D35-ABDE-C227D2E6074D}.Debug|Any CPU.ActiveCfg = Debug|Any CPU
		{4AB3DDE2-C5F6-4D35-ABDE-C227D2E6074D}.Debug|Any CPU.Build.0 = Debug|Any CPU
		{4AB3DDE2-C5F6-4D35-ABDE-C227D2E6074D}.Release|Any CPU.ActiveCfg = Release|Any CPU
		{4AB3DDE2-C5F6-4D35-ABDE-C227D2E6074D}.Release|Any CPU.Build.0 = Release|Any CPU
		{1DB745D8-C556-4C26-8FD1-9203278078A0}.Debug|Any CPU.ActiveCfg = Debug|Any CPU
		{1DB745D8-C556-4C26-8FD1-9203278078A0}.Debug|Any CPU.Build.0 = Debug|Any CPU
		{1DB745D8-C556-4C26-8FD1-9203278078A0}.Release|Any CPU.ActiveCfg = Release|Any CPU
		{1DB745D8-C556-4C26-8FD1-9203278078A0}.Release|Any CPU.Build.0 = Release|Any CPU
		{B9687540-7346-4E2B-A85F-6EDC2FD92E94}.Debug|Any CPU.ActiveCfg = Debug|Any CPU
		{B9687540-7346-4E2B-A85F-6EDC2FD92E94}.Debug|Any CPU.Build.0 = Debug|Any CPU
		{B9687540-7346-4E2B-A85F-6EDC2FD92E94}.Release|Any CPU.ActiveCfg = Release|Any CPU
		{B9687540-7346-4E2B-A85F-6EDC2FD92E94}.Release|Any CPU.Build.0 = Release|Any CPU
		{E35DD56E-9C71-4FE3-AF81-305F215AADC8}.Debug|Any CPU.ActiveCfg = Debug|Any CPU
		{E35DD56E-9C71-4FE3-AF81-305F215AADC8}.Debug|Any CPU.Build.0 = Debug|Any CPU
		{E35DD56E-9C71-4FE3-AF81-305F215AADC8}.Release|Any CPU.ActiveCfg = Release|Any CPU
		{E35DD56E-9C71-4FE3-AF81-305F215AADC8}.Release|Any CPU.Build.0 = Release|Any CPU
		{B6AFAF59-F074-480F-B07C-C5DE8F492D60}.Debug|Any CPU.ActiveCfg = Debug|Any CPU
		{B6AFAF59-F074-480F-B07C-C5DE8F492D60}.Debug|Any CPU.Build.0 = Debug|Any CPU
		{B6AFAF59-F074-480F-B07C-C5DE8F492D60}.Release|Any CPU.ActiveCfg = Release|Any CPU
		{B6AFAF59-F074-480F-B07C-C5DE8F492D60}.Release|Any CPU.Build.0 = Release|Any CPU
		{6B4D5889-E5E0-44BC-9B46-D1FF5DCDF437}.Debug|Any CPU.ActiveCfg = Debug|Any CPU
		{6B4D5889-E5E0-44BC-9B46-D1FF5DCDF437}.Debug|Any CPU.Build.0 = Debug|Any CPU
		{6B4D5889-E5E0-44BC-9B46-D1FF5DCDF437}.Release|Any CPU.ActiveCfg = Release|Any CPU
		{6B4D5889-E5E0-44BC-9B46-D1FF5DCDF437}.Release|Any CPU.Build.0 = Release|Any CPU
		{3A56DA21-BF40-4C49-BA28-9A8E62C98B39}.Debug|Any CPU.ActiveCfg = Debug|Any CPU
		{3A56DA21-BF40-4C49-BA28-9A8E62C98B39}.Debug|Any CPU.Build.0 = Debug|Any CPU
		{3A56DA21-BF40-4C49-BA28-9A8E62C98B39}.Release|Any CPU.ActiveCfg = Release|Any CPU
		{3A56DA21-BF40-4C49-BA28-9A8E62C98B39}.Release|Any CPU.Build.0 = Release|Any CPU
	EndGlobalSection
	GlobalSection(SolutionProperties) = preSolution
		HideSolutionNode = FALSE
	EndGlobalSection
	GlobalSection(NestedProjects) = preSolution
		{93D9A138-EA2D-4EF1-999A-4E98F01EA35C} = {09BA0654-B4C2-4C12-9757-C6B5455B3D12}
		{4AB3DDE2-C5F6-4D35-ABDE-C227D2E6074D} = {09BA0654-B4C2-4C12-9757-C6B5455B3D12}
		{1DB745D8-C556-4C26-8FD1-9203278078A0} = {09BA0654-B4C2-4C12-9757-C6B5455B3D12}
		{B9687540-7346-4E2B-A85F-6EDC2FD92E94} = {09BA0654-B4C2-4C12-9757-C6B5455B3D12}
		{E35DD56E-9C71-4FE3-AF81-305F215AADC8} = {09BA0654-B4C2-4C12-9757-C6B5455B3D12}
		{B6AFAF59-F074-480F-B07C-C5DE8F492D60} = {09BA0654-B4C2-4C12-9757-C6B5455B3D12}
		{6B4D5889-E5E0-44BC-9B46-D1FF5DCDF437} = {09BA0654-B4C2-4C12-9757-C6B5455B3D12}
		{3A56DA21-BF40-4C49-BA28-9A8E62C98B39} = {371581BC-3E98-436A-B971-68BDED4E80B1}
	EndGlobalSection
	GlobalSection(ExtensibilityGlobals) = postSolution
		SolutionGuid = {6C8D8D1C-DE78-432D-BEFC-1D094FE36422}
	EndGlobalSection
EndGlobal
